
Microsoft Visual Studio Solution File, Format Version 12.00
# Visual Studio Version 17
VisualStudioVersion = 17.0.31919.166
MinimumVisualStudioVersion = 10.0.40219.1
Project("{2150E333-8FDC-42A3-9474-1A3956D46DE8}") = "samples", "samples", "{102C08D6-6027-41EC-9706-37175C4F82C9}"
	ProjectSection(SolutionItems) = preProject
		README.md = README.md
	EndProjectSection
EndProject
Project("{9A19103F-16F7-4668-BE54-9A1E7A4F7556}") = "Frame.AspNetCore", "Frame.AspNetCore\Frame.AspNetCore.csproj", "{775CB9B1-5092-4835-B295-3B2C2A5ED1AA}"
EndProject
Project("{9A19103F-16F7-4668-BE54-9A1E7A4F7556}") = "Frame.Mysql", "Frame.Mysql\Frame.Mysql.csproj", "{53F7C249-542B-4247-94DC-075A7D618079}"
EndProject
Project("{9A19103F-16F7-4668-BE54-9A1E7A4F7556}") = "Frame.Repository", "Frame.Repository\Frame.Repository.csproj", "{DD7A913C-9FF6-4343-B8F4-5687C3073581}"
EndProject
Project("{9A19103F-16F7-4668-BE54-9A1E7A4F7556}") = "Frame.Core", "Frame.Core\Frame.Core.csproj", "{3080F616-4BD1-4FE8-AE36-A5702B9107A7}"
EndProject
Project("{9A19103F-16F7-4668-BE54-9A1E7A4F7556}") = "Frame.Grpc", "Frame.Grpc\Frame.Grpc.csproj", "{EA6D3A26-7D87-4F51-9FA7-42C22F65A231}"
EndProject
Project("{9A19103F-16F7-4668-BE54-9A1E7A4F7556}") = "Frame.Logging", "Frame.Logging\Frame.Logging.csproj", "{D8DDC2A9-EF7E-43BF-809F-387500A250EF}"
EndProject
Project("{2150E333-8FDC-42A3-9474-1A3956D46DE8}") = "Scheduler", "Scheduler", "{4E101417-5594-40DD-B18A-58DC503462D3}"
	ProjectSection(SolutionItems) = preProject
		samples\Scheduler\Job\Job.csproj = samples\Scheduler\Job\Job.csproj
	EndProjectSection
EndProject
Project("{9A19103F-16F7-4668-BE54-9A1E7A4F7556}") = "Frame.SchedulerJob", "Frame.SchedulerJob\Frame.SchedulerJob.csproj", "{E5E888CE-72FB-47D1-BA56-9A99C698FE75}"
EndProject
Project("{2150E333-8FDC-42A3-9474-1A3956D46DE8}") = "Webs", "Webs", "{09D3D243-45F3-493F-B88B-F675F983B90E}"
EndProject
Project("{2150E333-8FDC-42A3-9474-1A3956D46DE8}") = "Study", "Study", "{55724570-7CC8-4D7A-9E49-C6019C2E337E}"
EndProject
Project("{9A19103F-16F7-4668-BE54-9A1E7A4F7556}") = "Application", "samples\Webs\Application\Application.csproj", "{6021257B-A6E5-432C-91A5-8023364B1337}"
EndProject
Project("{9A19103F-16F7-4668-BE54-9A1E7A4F7556}") = "Domain", "samples\Webs\Domain\Domain.csproj", "{5951E2B2-6453-497B-B1EE-74DE15844B3F}"
EndProject
Project("{9A19103F-16F7-4668-BE54-9A1E7A4F7556}") = "Factory", "samples\Webs\Factory\Factory.csproj", "{F25E3EA8-890E-4E29-BC70-8C4AFF1E42C1}"
EndProject
Project("{9A19103F-16F7-4668-BE54-9A1E7A4F7556}") = "Repository", "samples\Webs\Repository\Repository.csproj", "{18EFD446-2BE9-466D-B07C-CBD751EBE2F2}"
EndProject
Project("{9A19103F-16F7-4668-BE54-9A1E7A4F7556}") = "Service", "samples\Webs\Service\Service.csproj", "{E2E907CC-4843-4FDA-B6BE-40096361C154}"
EndProject
Project("{9A19103F-16F7-4668-BE54-9A1E7A4F7556}") = "Tests", "samples\Webs\Tests\Tests.csproj", "{EF66C7DA-9B08-4DF9-8704-27B764157749}"
EndProject
Project("{9A19103F-16F7-4668-BE54-9A1E7A4F7556}") = "Web", "samples\Webs\Web\Web.csproj", "{03F8809B-EF42-455A-9E34-318471A66EAE}"
EndProject
Project("{9A19103F-16F7-4668-BE54-9A1E7A4F7556}") = "AspCore", "samples\Study\AspCore\AspCore.csproj", "{5B83CD38-DD10-4E9F-A15E-98BA5F988B84}"
EndProject
Project("{FAE04EC0-301F-11D3-BF4B-00C04F79EFBC}") = "Frame.Service", "Frame.Service\Frame.Service.csproj", "{A2C7D29B-F570-4C2F-99EA-AEC43185CEB0}"
EndProject
Global
	GlobalSection(SolutionConfigurationPlatforms) = preSolution
		Debug|Any CPU = Debug|Any CPU
		Release|Any CPU = Release|Any CPU
	EndGlobalSection
	GlobalSection(ProjectConfigurationPlatforms) = postSolution
		{775CB9B1-5092-4835-B295-3B2C2A5ED1AA}.Debug|Any CPU.ActiveCfg = Debug|Any CPU
		{775CB9B1-5092-4835-B295-3B2C2A5ED1AA}.Debug|Any CPU.Build.0 = Debug|Any CPU
		{775CB9B1-5092-4835-B295-3B2C2A5ED1AA}.Release|Any CPU.ActiveCfg = Release|Any CPU
		{775CB9B1-5092-4835-B295-3B2C2A5ED1AA}.Release|Any CPU.Build.0 = Release|Any CPU
		{53F7C249-542B-4247-94DC-075A7D618079}.Debug|Any CPU.ActiveCfg = Debug|Any CPU
		{53F7C249-542B-4247-94DC-075A7D618079}.Debug|Any CPU.Build.0 = Debug|Any CPU
		{53F7C249-542B-4247-94DC-075A7D618079}.Release|Any CPU.ActiveCfg = Release|Any CPU
		{53F7C249-542B-4247-94DC-075A7D618079}.Release|Any CPU.Build.0 = Release|Any CPU
		{DD7A913C-9FF6-4343-B8F4-5687C3073581}.Debug|Any CPU.ActiveCfg = Debug|Any CPU
		{DD7A913C-9FF6-4343-B8F4-5687C3073581}.Debug|Any CPU.Build.0 = Debug|Any CPU
		{DD7A913C-9FF6-4343-B8F4-5687C3073581}.Release|Any CPU.ActiveCfg = Release|Any CPU
		{DD7A913C-9FF6-4343-B8F4-5687C3073581}.Release|Any CPU.Build.0 = Release|Any CPU
		{3080F616-4BD1-4FE8-AE36-A5702B9107A7}.Debug|Any CPU.ActiveCfg = Debug|Any CPU
		{3080F616-4BD1-4FE8-AE36-A5702B9107A7}.Debug|Any CPU.Build.0 = Debug|Any CPU
		{3080F616-4BD1-4FE8-AE36-A5702B9107A7}.Release|Any CPU.ActiveCfg = Release|Any CPU
		{3080F616-4BD1-4FE8-AE36-A5702B9107A7}.Release|Any CPU.Build.0 = Release|Any CPU
		{EA6D3A26-7D87-4F51-9FA7-42C22F65A231}.Debug|Any CPU.ActiveCfg = Debug|Any CPU
		{EA6D3A26-7D87-4F51-9FA7-42C22F65A231}.Debug|Any CPU.Build.0 = Debug|Any CPU
		{EA6D3A26-7D87-4F51-9FA7-42C22F65A231}.Release|Any CPU.ActiveCfg = Release|Any CPU
		{EA6D3A26-7D87-4F51-9FA7-42C22F65A231}.Release|Any CPU.Build.0 = Release|Any CPU
		{D8DDC2A9-EF7E-43BF-809F-387500A250EF}.Debug|Any CPU.ActiveCfg = Debug|Any CPU
		{D8DDC2A9-EF7E-43BF-809F-387500A250EF}.Debug|Any CPU.Build.0 = Debug|Any CPU
		{D8DDC2A9-EF7E-43BF-809F-387500A250EF}.Release|Any CPU.ActiveCfg = Release|Any CPU
		{D8DDC2A9-EF7E-43BF-809F-387500A250EF}.Release|Any CPU.Build.0 = Release|Any CPU
		{E5E888CE-72FB-47D1-BA56-9A99C698FE75}.Debug|Any CPU.ActiveCfg = Debug|Any CPU
		{E5E888CE-72FB-47D1-BA56-9A99C698FE75}.Debug|Any CPU.Build.0 = Debug|Any CPU
		{E5E888CE-72FB-47D1-BA56-9A99C698FE75}.Release|Any CPU.ActiveCfg = Release|Any CPU
		{E5E888CE-72FB-47D1-BA56-9A99C698FE75}.Release|Any CPU.Build.0 = Release|Any CPU
		{6021257B-A6E5-432C-91A5-8023364B1337}.Debug|Any CPU.ActiveCfg = Debug|Any CPU
		{6021257B-A6E5-432C-91A5-8023364B1337}.Debug|Any CPU.Build.0 = Debug|Any CPU
		{6021257B-A6E5-432C-91A5-8023364B1337}.Release|Any CPU.ActiveCfg = Release|Any CPU
		{6021257B-A6E5-432C-91A5-8023364B1337}.Release|Any CPU.Build.0 = Release|Any CPU
		{5951E2B2-6453-497B-B1EE-74DE15844B3F}.Debug|Any CPU.ActiveCfg = Debug|Any CPU
		{5951E2B2-6453-497B-B1EE-74DE15844B3F}.Debug|Any CPU.Build.0 = Debug|Any CPU
		{5951E2B2-6453-497B-B1EE-74DE15844B3F}.Release|Any CPU.ActiveCfg = Release|Any CPU
		{5951E2B2-6453-497B-B1EE-74DE15844B3F}.Release|Any CPU.Build.0 = Release|Any CPU
		{F25E3EA8-890E-4E29-BC70-8C4AFF1E42C1}.Debug|Any CPU.ActiveCfg = Debug|Any CPU
		{F25E3EA8-890E-4E29-BC70-8C4AFF1E42C1}.Debug|Any CPU.Build.0 = Debug|Any CPU
		{F25E3EA8-890E-4E29-BC70-8C4AFF1E42C1}.Release|Any CPU.ActiveCfg = Release|Any CPU
		{F25E3EA8-890E-4E29-BC70-8C4AFF1E42C1}.Release|Any CPU.Build.0 = Release|Any CPU
		{18EFD446-2BE9-466D-B07C-CBD751EBE2F2}.Debug|Any CPU.ActiveCfg = Debug|Any CPU
		{18EFD446-2BE9-466D-B07C-CBD751EBE2F2}.Debug|Any CPU.Build.0 = Debug|Any CPU
		{18EFD446-2BE9-466D-B07C-CBD751EBE2F2}.Release|Any CPU.ActiveCfg = Release|Any CPU
		{18EFD446-2BE9-466D-B07C-CBD751EBE2F2}.Release|Any CPU.Build.0 = Release|Any CPU
		{E2E907CC-4843-4FDA-B6BE-40096361C154}.Debug|Any CPU.ActiveCfg = Debug|Any CPU
		{E2E907CC-4843-4FDA-B6BE-40096361C154}.Debug|Any CPU.Build.0 = Debug|Any CPU
		{E2E907CC-4843-4FDA-B6BE-40096361C154}.Release|Any CPU.ActiveCfg = Release|Any CPU
		{E2E907CC-4843-4FDA-B6BE-40096361C154}.Release|Any CPU.Build.0 = Release|Any CPU
		{EF66C7DA-9B08-4DF9-8704-27B764157749}.Debug|Any CPU.ActiveCfg = Debug|Any CPU
		{EF66C7DA-9B08-4DF9-8704-27B764157749}.Debug|Any CPU.Build.0 = Debug|Any CPU
		{EF66C7DA-9B08-4DF9-8704-27B764157749}.Release|Any CPU.ActiveCfg = Release|Any CPU
		{EF66C7DA-9B08-4DF9-8704-27B764157749}.Release|Any CPU.Build.0 = Release|Any CPU
		{03F8809B-EF42-455A-9E34-318471A66EAE}.Debug|Any CPU.ActiveCfg = Debug|Any CPU
		{03F8809B-EF42-455A-9E34-318471A66EAE}.Debug|Any CPU.Build.0 = Debug|Any CPU
		{03F8809B-EF42-455A-9E34-318471A66EAE}.Release|Any CPU.ActiveCfg = Release|Any CPU
		{03F8809B-EF42-455A-9E34-318471A66EAE}.Release|Any CPU.Build.0 = Release|Any CPU
		{5B83CD38-DD10-4E9F-A15E-98BA5F988B84}.Debug|Any CPU.ActiveCfg = Debug|Any CPU
		{5B83CD38-DD10-4E9F-A15E-98BA5F988B84}.Debug|Any CPU.Build.0 = Debug|Any CPU
		{5B83CD38-DD10-4E9F-A15E-98BA5F988B84}.Release|Any CPU.ActiveCfg = Release|Any CPU
		{5B83CD38-DD10-4E9F-A15E-98BA5F988B84}.Release|Any CPU.Build.0 = Release|Any CPU
		{A2C7D29B-F570-4C2F-99EA-AEC43185CEB0}.Debug|Any CPU.ActiveCfg = Debug|Any CPU
		{A2C7D29B-F570-4C2F-99EA-AEC43185CEB0}.Debug|Any CPU.Build.0 = Debug|Any CPU
		{A2C7D29B-F570-4C2F-99EA-AEC43185CEB0}.Release|Any CPU.ActiveCfg = Release|Any CPU
		{A2C7D29B-F570-4C2F-99EA-AEC43185CEB0}.Release|Any CPU.Build.0 = Release|Any CPU
	EndGlobalSection
	GlobalSection(SolutionProperties) = preSolution
		HideSolutionNode = FALSE
	EndGlobalSection
	GlobalSection(NestedProjects) = preSolution
		{4E101417-5594-40DD-B18A-58DC503462D3} = {102C08D6-6027-41EC-9706-37175C4F82C9}
		{09D3D243-45F3-493F-B88B-F675F983B90E} = {102C08D6-6027-41EC-9706-37175C4F82C9}
		{55724570-7CC8-4D7A-9E49-C6019C2E337E} = {102C08D6-6027-41EC-9706-37175C4F82C9}
		{6021257B-A6E5-432C-91A5-8023364B1337} = {09D3D243-45F3-493F-B88B-F675F983B90E}
		{5951E2B2-6453-497B-B1EE-74DE15844B3F} = {09D3D243-45F3-493F-B88B-F675F983B90E}
		{F25E3EA8-890E-4E29-BC70-8C4AFF1E42C1} = {09D3D243-45F3-493F-B88B-F675F983B90E}
		{18EFD446-2BE9-466D-B07C-CBD751EBE2F2} = {09D3D243-45F3-493F-B88B-F675F983B90E}
		{E2E907CC-4843-4FDA-B6BE-40096361C154} = {09D3D243-45F3-493F-B88B-F675F983B90E}
		{EF66C7DA-9B08-4DF9-8704-27B764157749} = {09D3D243-45F3-493F-B88B-F675F983B90E}
		{03F8809B-EF42-455A-9E34-318471A66EAE} = {09D3D243-45F3-493F-B88B-F675F983B90E}
		{5B83CD38-DD10-4E9F-A15E-98BA5F988B84} = {55724570-7CC8-4D7A-9E49-C6019C2E337E}
	EndGlobalSection
	GlobalSection(ExtensibilityGlobals) = postSolution
		SolutionGuid = {FCD8B565-E0E2-497C-A98D-0547560DB8B7}
	EndGlobalSection
EndGlobal
