
Microsoft Visual Studio Solution File, Format Version 12.00
# Visual Studio Version 17
VisualStudioVersion = 17.0.31919.166
MinimumVisualStudioVersion = 10.0.40219.1
Project("{2150E333-8FDC-42A3-9474-1A3956D46DE8}") = "samples", "samples", "{102C08D6-6027-41EC-9706-37175C4F82C9}"
	ProjectSection(SolutionItems) = preProject
		README.md = README.md
	EndProjectSection
EndProject
Project("{9A19103F-16F7-4668-BE54-9A1E7A4F7556}") = "Frame.AspNetCore", "Frame.AspNetCore\Frame.AspNetCore.csproj", "{775CB9B1-5092-4835-B295-3B2C2A5ED1AA}"
EndProject
Project("{9A19103F-16F7-4668-BE54-9A1E7A4F7556}") = "Frame.Mysql", "Frame.Mysql\Frame.Mysql.csproj", "{53F7C249-542B-4247-94DC-075A7D618079}"
EndProject
Project("{9A19103F-16F7-4668-BE54-9A1E7A4F7556}") = "Application", "samples\Application\Application.csproj", "{8A4A6FCD-89ED-4CE4-BA87-67A80FE9B6B8}"
EndProject
Project("{9A19103F-16F7-4668-BE54-9A1E7A4F7556}") = "Factory", "samples\Factory\Factory.csproj", "{52623464-07AA-4446-BED0-6320EF0A34DB}"
EndProject
Project("{9A19103F-16F7-4668-BE54-9A1E7A4F7556}") = "Repository", "samples\Repository\Repository.csproj", "{E70D06E7-3560-4494-ABBD-D2932B955711}"
EndProject
Project("{9A19103F-16F7-4668-BE54-9A1E7A4F7556}") = "Service", "samples\Service\Service.csproj", "{A5B95E2A-DAEB-4F83-A850-752051BAC8BE}"
EndProject
Project("{9A19103F-16F7-4668-BE54-9A1E7A4F7556}") = "Tests", "samples\Tests\Tests.csproj", "{4B81C1E0-3C9B-4E59-8A7C-35095D71E162}"
EndProject
Project("{9A19103F-16F7-4668-BE54-9A1E7A4F7556}") = "Frame.Scheduler", "Frame.Scheduler\Frame.Scheduler.csproj", "{5E666565-B00F-48D4-9750-2195AF001498}"
EndProject
Project("{9A19103F-16F7-4668-BE54-9A1E7A4F7556}") = "Domain", "samples\Domain\Domain.csproj", "{C2E4DA52-8B9C-4684-84A5-E86F0ADA8ADC}"
EndProject
Project("{9A19103F-16F7-4668-BE54-9A1E7A4F7556}") = "Frame.Repository", "Frame.Repository\Frame.Repository.csproj", "{DD7A913C-9FF6-4343-B8F4-5687C3073581}"
EndProject
Project("{9A19103F-16F7-4668-BE54-9A1E7A4F7556}") = "Web", "Web\Web.csproj", "{1A1E58C1-C25A-45AB-A0DE-52BE009AE8A5}"
EndProject
Project("{9A19103F-16F7-4668-BE54-9A1E7A4F7556}") = "Frame.Core", "Frame.Core\Frame.Core.csproj", "{3080F616-4BD1-4FE8-AE36-A5702B9107A7}"
EndProject
Project("{9A19103F-16F7-4668-BE54-9A1E7A4F7556}") = "Frame.Grpc", "Frame.Grpc\Frame.Grpc.csproj", "{EA6D3A26-7D87-4F51-9FA7-42C22F65A231}"
EndProject
Project("{9A19103F-16F7-4668-BE54-9A1E7A4F7556}") = "Frame.Logging", "Frame.Logging\Frame.Logging.csproj", "{D8DDC2A9-EF7E-43BF-809F-387500A250EF}"
EndProject
Project("{9A19103F-16F7-4668-BE54-9A1E7A4F7556}") = "Job", "samples\Job\Job.csproj", "{677F4FBC-9973-4049-BE5C-BEED0B506B0D}"
EndProject
Project("{2150E333-8FDC-42A3-9474-1A3956D46DE8}") = "Scheduler", "Scheduler", "{4E101417-5594-40DD-B18A-58DC503462D3}"
EndProject
Project("{FAE04EC0-301F-11D3-BF4B-00C04F79EFBC}") = "Frame.SchedulerJob", "Frame.SchedulerJob\Frame.SchedulerJob.csproj", "{E5E888CE-72FB-47D1-BA56-9A99C698FE75}"
EndProject
Global
	GlobalSection(SolutionConfigurationPlatforms) = preSolution
		Debug|Any CPU = Debug|Any CPU
		Release|Any CPU = Release|Any CPU
	EndGlobalSection
	GlobalSection(ProjectConfigurationPlatforms) = postSolution
		{775CB9B1-5092-4835-B295-3B2C2A5ED1AA}.Debug|Any CPU.ActiveCfg = Debug|Any CPU
		{775CB9B1-5092-4835-B295-3B2C2A5ED1AA}.Debug|Any CPU.Build.0 = Debug|Any CPU
		{775CB9B1-5092-4835-B295-3B2C2A5ED1AA}.Release|Any CPU.ActiveCfg = Release|Any CPU
		{775CB9B1-5092-4835-B295-3B2C2A5ED1AA}.Release|Any CPU.Build.0 = Release|Any CPU
		{53F7C249-542B-4247-94DC-075A7D618079}.Debug|Any CPU.ActiveCfg = Debug|Any CPU
		{53F7C249-542B-4247-94DC-075A7D618079}.Debug|Any CPU.Build.0 = Debug|Any CPU
		{53F7C249-542B-4247-94DC-075A7D618079}.Release|Any CPU.ActiveCfg = Release|Any CPU
		{53F7C249-542B-4247-94DC-075A7D618079}.Release|Any CPU.Build.0 = Release|Any CPU
		{8A4A6FCD-89ED-4CE4-BA87-67A80FE9B6B8}.Debug|Any CPU.ActiveCfg = Debug|Any CPU
		{8A4A6FCD-89ED-4CE4-BA87-67A80FE9B6B8}.Debug|Any CPU.Build.0 = Debug|Any CPU
		{8A4A6FCD-89ED-4CE4-BA87-67A80FE9B6B8}.Release|Any CPU.ActiveCfg = Release|Any CPU
		{8A4A6FCD-89ED-4CE4-BA87-67A80FE9B6B8}.Release|Any CPU.Build.0 = Release|Any CPU
		{52623464-07AA-4446-BED0-6320EF0A34DB}.Debug|Any CPU.ActiveCfg = Debug|Any CPU
		{52623464-07AA-4446-BED0-6320EF0A34DB}.Debug|Any CPU.Build.0 = Debug|Any CPU
		{52623464-07AA-4446-BED0-6320EF0A34DB}.Release|Any CPU.ActiveCfg = Release|Any CPU
		{52623464-07AA-4446-BED0-6320EF0A34DB}.Release|Any CPU.Build.0 = Release|Any CPU
		{E70D06E7-3560-4494-ABBD-D2932B955711}.Debug|Any CPU.ActiveCfg = Debug|Any CPU
		{E70D06E7-3560-4494-ABBD-D2932B955711}.Debug|Any CPU.Build.0 = Debug|Any CPU
		{E70D06E7-3560-4494-ABBD-D2932B955711}.Release|Any CPU.ActiveCfg = Release|Any CPU
		{E70D06E7-3560-4494-ABBD-D2932B955711}.Release|Any CPU.Build.0 = Release|Any CPU
		{A5B95E2A-DAEB-4F83-A850-752051BAC8BE}.Debug|Any CPU.ActiveCfg = Debug|Any CPU
		{A5B95E2A-DAEB-4F83-A850-752051BAC8BE}.Debug|Any CPU.Build.0 = Debug|Any CPU
		{A5B95E2A-DAEB-4F83-A850-752051BAC8BE}.Release|Any CPU.ActiveCfg = Release|Any CPU
		{A5B95E2A-DAEB-4F83-A850-752051BAC8BE}.Release|Any CPU.Build.0 = Release|Any CPU
		{4B81C1E0-3C9B-4E59-8A7C-35095D71E162}.Debug|Any CPU.ActiveCfg = Debug|Any CPU
		{4B81C1E0-3C9B-4E59-8A7C-35095D71E162}.Debug|Any CPU.Build.0 = Debug|Any CPU
		{4B81C1E0-3C9B-4E59-8A7C-35095D71E162}.Release|Any CPU.ActiveCfg = Release|Any CPU
		{4B81C1E0-3C9B-4E59-8A7C-35095D71E162}.Release|Any CPU.Build.0 = Release|Any CPU
		{5E666565-B00F-48D4-9750-2195AF001498}.Debug|Any CPU.ActiveCfg = Debug|Any CPU
		{5E666565-B00F-48D4-9750-2195AF001498}.Debug|Any CPU.Build.0 = Debug|Any CPU
		{5E666565-B00F-48D4-9750-2195AF001498}.Release|Any CPU.ActiveCfg = Release|Any CPU
		{5E666565-B00F-48D4-9750-2195AF001498}.Release|Any CPU.Build.0 = Release|Any CPU
		{C2E4DA52-8B9C-4684-84A5-E86F0ADA8ADC}.Debug|Any CPU.ActiveCfg = Debug|Any CPU
		{C2E4DA52-8B9C-4684-84A5-E86F0ADA8ADC}.Debug|Any CPU.Build.0 = Debug|Any CPU
		{C2E4DA52-8B9C-4684-84A5-E86F0ADA8ADC}.Release|Any CPU.ActiveCfg = Release|Any CPU
		{C2E4DA52-8B9C-4684-84A5-E86F0ADA8ADC}.Release|Any CPU.Build.0 = Release|Any CPU
		{DD7A913C-9FF6-4343-B8F4-5687C3073581}.Debug|Any CPU.ActiveCfg = Debug|Any CPU
		{DD7A913C-9FF6-4343-B8F4-5687C3073581}.Debug|Any CPU.Build.0 = Debug|Any CPU
		{DD7A913C-9FF6-4343-B8F4-5687C3073581}.Release|Any CPU.ActiveCfg = Release|Any CPU
		{DD7A913C-9FF6-4343-B8F4-5687C3073581}.Release|Any CPU.Build.0 = Release|Any CPU
		{1A1E58C1-C25A-45AB-A0DE-52BE009AE8A5}.Debug|Any CPU.ActiveCfg = Debug|Any CPU
		{1A1E58C1-C25A-45AB-A0DE-52BE009AE8A5}.Debug|Any CPU.Build.0 = Debug|Any CPU
		{1A1E58C1-C25A-45AB-A0DE-52BE009AE8A5}.Release|Any CPU.ActiveCfg = Release|Any CPU
		{1A1E58C1-C25A-45AB-A0DE-52BE009AE8A5}.Release|Any CPU.Build.0 = Release|Any CPU
		{3080F616-4BD1-4FE8-AE36-A5702B9107A7}.Debug|Any CPU.ActiveCfg = Debug|Any CPU
		{3080F616-4BD1-4FE8-AE36-A5702B9107A7}.Debug|Any CPU.Build.0 = Debug|Any CPU
		{3080F616-4BD1-4FE8-AE36-A5702B9107A7}.Release|Any CPU.ActiveCfg = Release|Any CPU
		{3080F616-4BD1-4FE8-AE36-A5702B9107A7}.Release|Any CPU.Build.0 = Release|Any CPU
		{EA6D3A26-7D87-4F51-9FA7-42C22F65A231}.Debug|Any CPU.ActiveCfg = Debug|Any CPU
		{EA6D3A26-7D87-4F51-9FA7-42C22F65A231}.Debug|Any CPU.Build.0 = Debug|Any CPU
		{EA6D3A26-7D87-4F51-9FA7-42C22F65A231}.Release|Any CPU.ActiveCfg = Release|Any CPU
		{EA6D3A26-7D87-4F51-9FA7-42C22F65A231}.Release|Any CPU.Build.0 = Release|Any CPU
		{D8DDC2A9-EF7E-43BF-809F-387500A250EF}.Debug|Any CPU.ActiveCfg = Debug|Any CPU
		{D8DDC2A9-EF7E-43BF-809F-387500A250EF}.Debug|Any CPU.Build.0 = Debug|Any CPU
		{D8DDC2A9-EF7E-43BF-809F-387500A250EF}.Release|Any CPU.ActiveCfg = Release|Any CPU
		{D8DDC2A9-EF7E-43BF-809F-387500A250EF}.Release|Any CPU.Build.0 = Release|Any CPU
		{677F4FBC-9973-4049-BE5C-BEED0B506B0D}.Debug|Any CPU.ActiveCfg = Debug|Any CPU
		{677F4FBC-9973-4049-BE5C-BEED0B506B0D}.Debug|Any CPU.Build.0 = Debug|Any CPU
		{677F4FBC-9973-4049-BE5C-BEED0B506B0D}.Release|Any CPU.ActiveCfg = Release|Any CPU
		{677F4FBC-9973-4049-BE5C-BEED0B506B0D}.Release|Any CPU.Build.0 = Release|Any CPU
		{E5E888CE-72FB-47D1-BA56-9A99C698FE75}.Debug|Any CPU.ActiveCfg = Debug|Any CPU
		{E5E888CE-72FB-47D1-BA56-9A99C698FE75}.Debug|Any CPU.Build.0 = Debug|Any CPU
		{E5E888CE-72FB-47D1-BA56-9A99C698FE75}.Release|Any CPU.ActiveCfg = Release|Any CPU
		{E5E888CE-72FB-47D1-BA56-9A99C698FE75}.Release|Any CPU.Build.0 = Release|Any CPU
	EndGlobalSection
	GlobalSection(SolutionProperties) = preSolution
		HideSolutionNode = FALSE
	EndGlobalSection
	GlobalSection(NestedProjects) = preSolution
		{8A4A6FCD-89ED-4CE4-BA87-67A80FE9B6B8} = {102C08D6-6027-41EC-9706-37175C4F82C9}
		{52623464-07AA-4446-BED0-6320EF0A34DB} = {102C08D6-6027-41EC-9706-37175C4F82C9}
		{E70D06E7-3560-4494-ABBD-D2932B955711} = {102C08D6-6027-41EC-9706-37175C4F82C9}
		{A5B95E2A-DAEB-4F83-A850-752051BAC8BE} = {102C08D6-6027-41EC-9706-37175C4F82C9}
		{4B81C1E0-3C9B-4E59-8A7C-35095D71E162} = {102C08D6-6027-41EC-9706-37175C4F82C9}
		{C2E4DA52-8B9C-4684-84A5-E86F0ADA8ADC} = {102C08D6-6027-41EC-9706-37175C4F82C9}
		{1A1E58C1-C25A-45AB-A0DE-52BE009AE8A5} = {102C08D6-6027-41EC-9706-37175C4F82C9}
		{677F4FBC-9973-4049-BE5C-BEED0B506B0D} = {4E101417-5594-40DD-B18A-58DC503462D3}
		{4E101417-5594-40DD-B18A-58DC503462D3} = {102C08D6-6027-41EC-9706-37175C4F82C9}
	EndGlobalSection
	GlobalSection(ExtensibilityGlobals) = postSolution
		SolutionGuid = {FCD8B565-E0E2-497C-A98D-0547560DB8B7}
	EndGlobalSection
EndGlobal
